// !$*UTF8*$!
{
	archiveVersion = 1;
	classes = {
	};
	objectVersion = 48;
	objects = {

/* Begin PBXBuildFile section */
		76B1563A9F233A3C5559CE90 /* Pods_RealmGoalTracker.framework in Frameworks */ = {isa = PBXBuildFile; fileRef = 1E73571766F4471940148E2F /* Pods_RealmGoalTracker.framework */; };
		911D277A212770F90036F141 /* AppDelegate.swift in Sources */ = {isa = PBXBuildFile; fileRef = 911D2779212770F90036F141 /* AppDelegate.swift */; };
		911D277C212770F90036F141 /* FirstViewController.swift in Sources */ = {isa = PBXBuildFile; fileRef = 911D277B212770F90036F141 /* FirstViewController.swift */; };
		911D277E212770F90036F141 /* SecondViewController.swift in Sources */ = {isa = PBXBuildFile; fileRef = 911D277D212770F90036F141 /* SecondViewController.swift */; };
		911D2781212770F90036F141 /* Main.storyboard in Resources */ = {isa = PBXBuildFile; fileRef = 911D277F212770F90036F141 /* Main.storyboard */; };
		911D2783212770F90036F141 /* Assets.xcassets in Resources */ = {isa = PBXBuildFile; fileRef = 911D2782212770F90036F141 /* Assets.xcassets */; };
		911D2786212770F90036F141 /* LaunchScreen.storyboard in Resources */ = {isa = PBXBuildFile; fileRef = 911D2784212770F90036F141 /* LaunchScreen.storyboard */; };
		911D279A212B61BD0036F141 /* GoalCell.swift in Sources */ = {isa = PBXBuildFile; fileRef = 911D2799212B61BD0036F141 /* GoalCell.swift */; };
		911D279C212B85CF0036F141 /* RealmTask.swift in Sources */ = {isa = PBXBuildFile; fileRef = 911D279B212B85CF0036F141 /* RealmTask.swift */; };
		91A35E90212C740D00F30126 /* RealmDate.swift in Sources */ = {isa = PBXBuildFile; fileRef = 91A35E8F212C740D00F30126 /* RealmDate.swift */; };
		91A35E92212C877B00F30126 /* DoneCell.swift in Sources */ = {isa = PBXBuildFile; fileRef = 91A35E91212C877B00F30126 /* DoneCell.swift */; };
		91A35E96212F70A800F30126 /* JournalViewController.swift in Sources */ = {isa = PBXBuildFile; fileRef = 91A35E95212F70A800F30126 /* JournalViewController.swift */; };
		91FBDC56212B88D900B1B16C /* RealmService.swift in Sources */ = {isa = PBXBuildFile; fileRef = 91FBDC55212B88D900B1B16C /* RealmService.swift */; };
/* End PBXBuildFile section */

/* Begin PBXFileReference section */
		1E73571766F4471940148E2F /* Pods_RealmGoalTracker.framework */ = {isa = PBXFileReference; explicitFileType = wrapper.framework; includeInIndex = 0; path = Pods_RealmGoalTracker.framework; sourceTree = BUILT_PRODUCTS_DIR; };
		7E8B62183E8C34B9183DCDB5 /* Pods-RealmGoalTracker.release.xcconfig */ = {isa = PBXFileReference; includeInIndex = 1; lastKnownFileType = text.xcconfig; name = "Pods-RealmGoalTracker.release.xcconfig"; path = "Pods/Target Support Files/Pods-RealmGoalTracker/Pods-RealmGoalTracker.release.xcconfig"; sourceTree = "<group>"; };
		911D2776212770F90036F141 /* RealmGoalTracker.app */ = {isa = PBXFileReference; explicitFileType = wrapper.application; includeInIndex = 0; path = RealmGoalTracker.app; sourceTree = BUILT_PRODUCTS_DIR; };
		911D2779212770F90036F141 /* AppDelegate.swift */ = {isa = PBXFileReference; lastKnownFileType = sourcecode.swift; path = AppDelegate.swift; sourceTree = "<group>"; };
		911D277B212770F90036F141 /* FirstViewController.swift */ = {isa = PBXFileReference; lastKnownFileType = sourcecode.swift; path = FirstViewController.swift; sourceTree = "<group>"; };
		911D277D212770F90036F141 /* SecondViewController.swift */ = {isa = PBXFileReference; lastKnownFileType = sourcecode.swift; path = SecondViewController.swift; sourceTree = "<group>"; };
		911D2780212770F90036F141 /* Base */ = {isa = PBXFileReference; lastKnownFileType = file.storyboard; name = Base; path = Base.lproj/Main.storyboard; sourceTree = "<group>"; };
		911D2782212770F90036F141 /* Assets.xcassets */ = {isa = PBXFileReference; lastKnownFileType = folder.assetcatalog; path = Assets.xcassets; sourceTree = "<group>"; };
		911D2785212770F90036F141 /* Base */ = {isa = PBXFileReference; lastKnownFileType = file.storyboard; name = Base; path = Base.lproj/LaunchScreen.storyboard; sourceTree = "<group>"; };
		911D2787212770F90036F141 /* Info.plist */ = {isa = PBXFileReference; lastKnownFileType = text.plist.xml; path = Info.plist; sourceTree = "<group>"; };
		911D2799212B61BD0036F141 /* GoalCell.swift */ = {isa = PBXFileReference; lastKnownFileType = sourcecode.swift; path = GoalCell.swift; sourceTree = "<group>"; };
		911D279B212B85CF0036F141 /* RealmTask.swift */ = {isa = PBXFileReference; lastKnownFileType = sourcecode.swift; path = RealmTask.swift; sourceTree = "<group>"; };
		91A35E8F212C740D00F30126 /* RealmDate.swift */ = {isa = PBXFileReference; lastKnownFileType = sourcecode.swift; path = RealmDate.swift; sourceTree = "<group>"; };
		91A35E91212C877B00F30126 /* DoneCell.swift */ = {isa = PBXFileReference; lastKnownFileType = sourcecode.swift; path = DoneCell.swift; sourceTree = "<group>"; };
		91A35E95212F70A800F30126 /* JournalViewController.swift */ = {isa = PBXFileReference; lastKnownFileType = sourcecode.swift; path = JournalViewController.swift; sourceTree = "<group>"; };
		91FBDC55212B88D900B1B16C /* RealmService.swift */ = {isa = PBXFileReference; lastKnownFileType = sourcecode.swift; path = RealmService.swift; sourceTree = "<group>"; };
		9FF0B6331AC072E565FC4F69 /* Pods-RealmGoalTracker.debug.xcconfig */ = {isa = PBXFileReference; includeInIndex = 1; lastKnownFileType = text.xcconfig; name = "Pods-RealmGoalTracker.debug.xcconfig"; path = "Pods/Target Support Files/Pods-RealmGoalTracker/Pods-RealmGoalTracker.debug.xcconfig"; sourceTree = "<group>"; };
/* End PBXFileReference section */

/* Begin PBXFrameworksBuildPhase section */
		911D2773212770F90036F141 /* Frameworks */ = {
			isa = PBXFrameworksBuildPhase;
			buildActionMask = 2147483647;
			files = (
				76B1563A9F233A3C5559CE90 /* Pods_RealmGoalTracker.framework in Frameworks */,
			);
			runOnlyForDeploymentPostprocessing = 0;
		};
/* End PBXFrameworksBuildPhase section */

/* Begin PBXGroup section */
		911D276D212770F90036F141 = {
			isa = PBXGroup;
			children = (
				911D2778212770F90036F141 /* RealmGoalTracker */,
				911D2777212770F90036F141 /* Products */,
				DF80A80BDA0E4459FF6A73A5 /* Pods */,
				A2D77F17DA5257A82E93F239 /* Frameworks */,
			);
			sourceTree = "<group>";
		};
		911D2777212770F90036F141 /* Products */ = {
			isa = PBXGroup;
			children = (
				911D2776212770F90036F141 /* RealmGoalTracker.app */,
			);
			name = Products;
			sourceTree = "<group>";
		};
		911D2778212770F90036F141 /* RealmGoalTracker */ = {
			isa = PBXGroup;
			children = (
				911D2784212770F90036F141 /* LaunchScreen.storyboard */,
				911D277F212770F90036F141 /* Main.storyboard */,
				91A35E94212F705F00F30126 /* Cells */,
				91A35E93212F704100F30126 /* View Controllers */,
				91A35E8C212C6C6600F30126 /* Models */,
				911D2779212770F90036F141 /* AppDelegate.swift */,
				91FBDC55212B88D900B1B16C /* RealmService.swift */,
				911D2787212770F90036F141 /* Info.plist */,
				911D2782212770F90036F141 /* Assets.xcassets */,
			);
			path = RealmGoalTracker;
			sourceTree = "<group>";
		};
		91A35E8C212C6C6600F30126 /* Models */ = {
			isa = PBXGroup;
			children = (
				91A35E8F212C740D00F30126 /* RealmDate.swift */,
				911D279B212B85CF0036F141 /* RealmTask.swift */,
			);
			path = Models;
			sourceTree = "<group>";
		};
		91A35E93212F704100F30126 /* View Controllers */ = {
			isa = PBXGroup;
			children = (
				911D277B212770F90036F141 /* FirstViewController.swift */,
				911D277D212770F90036F141 /* SecondViewController.swift */,
				91A35E95212F70A800F30126 /* JournalViewController.swift */,
			);
			path = "View Controllers";
			sourceTree = "<group>";
		};
		91A35E94212F705F00F30126 /* Cells */ = {
			isa = PBXGroup;
			children = (
				911D2799212B61BD0036F141 /* GoalCell.swift */,
				91A35E91212C877B00F30126 /* DoneCell.swift */,
			);
			path = Cells;
			sourceTree = "<group>";
		};
		A2D77F17DA5257A82E93F239 /* Frameworks */ = {
			isa = PBXGroup;
			children = (
				1E73571766F4471940148E2F /* Pods_RealmGoalTracker.framework */,
			);
			name = Frameworks;
			sourceTree = "<group>";
		};
		DF80A80BDA0E4459FF6A73A5 /* Pods */ = {
			isa = PBXGroup;
			children = (
				9FF0B6331AC072E565FC4F69 /* Pods-RealmGoalTracker.debug.xcconfig */,
				7E8B62183E8C34B9183DCDB5 /* Pods-RealmGoalTracker.release.xcconfig */,
			);
			name = Pods;
			sourceTree = "<group>";
		};
/* End PBXGroup section */

/* Begin PBXNativeTarget section */
		911D2775212770F90036F141 /* RealmGoalTracker */ = {
			isa = PBXNativeTarget;
			buildConfigurationList = 911D278A212770F90036F141 /* Build configuration list for PBXNativeTarget "RealmGoalTracker" */;
			buildPhases = (
				56808AA51F273687884FF284 /* [CP] Check Pods Manifest.lock */,
				911D2772212770F90036F141 /* Sources */,
				911D2773212770F90036F141 /* Frameworks */,
				911D2774212770F90036F141 /* Resources */,
				194B61EC8BCB7100FB88F62A /* [CP] Embed Pods Frameworks */,
			);
			buildRules = (
			);
			dependencies = (
			);
			name = RealmGoalTracker;
			productName = RealmGoalTracker;
			productReference = 911D2776212770F90036F141 /* RealmGoalTracker.app */;
			productType = "com.apple.product-type.application";
		};
/* End PBXNativeTarget section */

/* Begin PBXProject section */
		911D276E212770F90036F141 /* Project object */ = {
			isa = PBXProject;
			attributes = {
				LastSwiftUpdateCheck = 0900;
				LastUpgradeCheck = 0900;
				ORGANIZATIONNAME = JoeA;
				TargetAttributes = {
					911D2775212770F90036F141 = {
						CreatedOnToolsVersion = 9.0;
						ProvisioningStyle = Automatic;
					};
				};
			};
			buildConfigurationList = 911D2771212770F90036F141 /* Build configuration list for PBXProject "RealmGoalTracker" */;
			compatibilityVersion = "Xcode 8.0";
			developmentRegion = en;
			hasScannedForEncodings = 0;
			knownRegions = (
				en,
				Base,
			);
			mainGroup = 911D276D212770F90036F141;
			productRefGroup = 911D2777212770F90036F141 /* Products */;
			projectDirPath = "";
			projectRoot = "";
			targets = (
				911D2775212770F90036F141 /* RealmGoalTracker */,
			);
		};
/* End PBXProject section */

/* Begin PBXResourcesBuildPhase section */
		911D2774212770F90036F141 /* Resources */ = {
			isa = PBXResourcesBuildPhase;
			buildActionMask = 2147483647;
			files = (
				911D2786212770F90036F141 /* LaunchScreen.storyboard in Resources */,
				911D2783212770F90036F141 /* Assets.xcassets in Resources */,
				911D2781212770F90036F141 /* Main.storyboard in Resources */,
			);
			runOnlyForDeploymentPostprocessing = 0;
		};
/* End PBXResourcesBuildPhase section */

/* Begin PBXShellScriptBuildPhase section */
		194B61EC8BCB7100FB88F62A /* [CP] Embed Pods Frameworks */ = {
			isa = PBXShellScriptBuildPhase;
			buildActionMask = 2147483647;
			files = (
			);
			inputPaths = (
				"${SRCROOT}/Pods/Target Support Files/Pods-RealmGoalTracker/Pods-RealmGoalTracker-frameworks.sh",
				"${BUILT_PRODUCTS_DIR}/Realm/Realm.framework",
				"${BUILT_PRODUCTS_DIR}/RealmSwift/RealmSwift.framework",
			);
			name = "[CP] Embed Pods Frameworks";
			outputPaths = (
				"${TARGET_BUILD_DIR}/${FRAMEWORKS_FOLDER_PATH}/Realm.framework",
				"${TARGET_BUILD_DIR}/${FRAMEWORKS_FOLDER_PATH}/RealmSwift.framework",
			);
			runOnlyForDeploymentPostprocessing = 0;
			shellPath = /bin/sh;
			shellScript = "\"${SRCROOT}/Pods/Target Support Files/Pods-RealmGoalTracker/Pods-RealmGoalTracker-frameworks.sh\"\n";
			showEnvVarsInLog = 0;
		};
		56808AA51F273687884FF284 /* [CP] Check Pods Manifest.lock */ = {
			isa = PBXShellScriptBuildPhase;
			buildActionMask = 2147483647;
			files = (
			);
			inputPaths = (
				"${PODS_PODFILE_DIR_PATH}/Podfile.lock",
				"${PODS_ROOT}/Manifest.lock",
			);
			name = "[CP] Check Pods Manifest.lock";
			outputPaths = (
				"$(DERIVED_FILE_DIR)/Pods-RealmGoalTracker-checkManifestLockResult.txt",
			);
			runOnlyForDeploymentPostprocessing = 0;
			shellPath = /bin/sh;
			shellScript = "diff \"${PODS_PODFILE_DIR_PATH}/Podfile.lock\" \"${PODS_ROOT}/Manifest.lock\" > /dev/null\nif [ $? != 0 ] ; then\n    # print error to STDERR\n    echo \"error: The sandbox is not in sync with the Podfile.lock. Run 'pod install' or update your CocoaPods installation.\" >&2\n    exit 1\nfi\n# This output is used by Xcode 'outputs' to avoid re-running this script phase.\necho \"SUCCESS\" > \"${SCRIPT_OUTPUT_FILE_0}\"\n";
			showEnvVarsInLog = 0;
		};
/* End PBXShellScriptBuildPhase section */

/* Begin PBXSourcesBuildPhase section */
		911D2772212770F90036F141 /* Sources */ = {
			isa = PBXSourcesBuildPhase;
			buildActionMask = 2147483647;
			files = (
				91A35E90212C740D00F30126 /* RealmDate.swift in Sources */,
				91A35E96212F70A800F30126 /* JournalViewController.swift in Sources */,
				911D279A212B61BD0036F141 /* GoalCell.swift in Sources */,
				91FBDC56212B88D900B1B16C /* RealmService.swift in Sources */,
				911D277E212770F90036F141 /* SecondViewController.swift in Sources */,
				911D279C212B85CF0036F141 /* RealmTask.swift in Sources */,
				911D277A212770F90036F141 /* AppDelegate.swift in Sources */,
				911D277C212770F90036F141 /* FirstViewController.swift in Sources */,
				91A35E92212C877B00F30126 /* DoneCell.swift in Sources */,
			);
			runOnlyForDeploymentPostprocessing = 0;
		};
/* End PBXSourcesBuildPhase section */

/* Begin PBXVariantGroup section */
		911D277F212770F90036F141 /* Main.storyboard */ = {
			isa = PBXVariantGroup;
			children = (
				911D2780212770F90036F141 /* Base */,
			);
			name = Main.storyboard;
			sourceTree = "<group>";
		};
		911D2784212770F90036F141 /* LaunchScreen.storyboard */ = {
			isa = PBXVariantGroup;
			children = (
				911D2785212770F90036F141 /* Base */,
			);
			name = LaunchScreen.storyboard;
			sourceTree = "<group>";
		};
/* End PBXVariantGroup section */

/* Begin XCBuildConfiguration section */
		911D2788212770F90036F141 /* Debug */ = {
			isa = XCBuildConfiguration;
			buildSettings = {
				ALWAYS_SEARCH_USER_PATHS = NO;
				CLANG_ANALYZER_NONNULL = YES;
				CLANG_ANALYZER_NUMBER_OBJECT_CONVERSION = YES_AGGRESSIVE;
				CLANG_CXX_LANGUAGE_STANDARD = "gnu++14";
				CLANG_CXX_LIBRARY = "libc++";
				CLANG_ENABLE_MODULES = YES;
				CLANG_ENABLE_OBJC_ARC = YES;
				CLANG_WARN_BLOCK_CAPTURE_AUTORELEASING = YES;
				CLANG_WARN_BOOL_CONVERSION = YES;
				CLANG_WARN_COMMA = YES;
				CLANG_WARN_CONSTANT_CONVERSION = YES;
				CLANG_WARN_DIRECT_OBJC_ISA_USAGE = YES_ERROR;
				CLANG_WARN_DOCUMENTATION_COMMENTS = YES;
				CLANG_WARN_EMPTY_BODY = YES;
				CLANG_WARN_ENUM_CONVERSION = YES;
				CLANG_WARN_INFINITE_RECURSION = YES;
				CLANG_WARN_INT_CONVERSION = YES;
				CLANG_WARN_NON_LITERAL_NULL_CONVERSION = YES;
				CLANG_WARN_OBJC_LITERAL_CONVERSION = YES;
				CLANG_WARN_OBJC_ROOT_CLASS = YES_ERROR;
				CLANG_WARN_RANGE_LOOP_ANALYSIS = YES;
				CLANG_WARN_STRICT_PROTOTYPES = YES;
				CLANG_WARN_SUSPICIOUS_MOVE = YES;
				CLANG_WARN_UNGUARDED_AVAILABILITY = YES_AGGRESSIVE;
				CLANG_WARN_UNREACHABLE_CODE = YES;
				CLANG_WARN__DUPLICATE_METHOD_MATCH = YES;
				CODE_SIGN_IDENTITY = "iPhone Developer";
				COPY_PHASE_STRIP = NO;
				DEBUG_INFORMATION_FORMAT = dwarf;
				ENABLE_STRICT_OBJC_MSGSEND = YES;
				ENABLE_TESTABILITY = YES;
				GCC_C_LANGUAGE_STANDARD = gnu11;
				GCC_DYNAMIC_NO_PIC = NO;
				GCC_NO_COMMON_BLOCKS = YES;
				GCC_OPTIMIZATION_LEVEL = 0;
				GCC_PREPROCESSOR_DEFINITIONS = (
					"DEBUG=1",
					"$(inherited)",
				);
				GCC_WARN_64_TO_32_BIT_CONVERSION = YES;
				GCC_WARN_ABOUT_RETURN_TYPE = YES_ERROR;
				GCC_WARN_UNDECLARED_SELECTOR = YES;
				GCC_WARN_UNINITIALIZED_AUTOS = YES_AGGRESSIVE;
				GCC_WARN_UNUSED_FUNCTION = YES;
				GCC_WARN_UNUSED_VARIABLE = YES;
				IPHONEOS_DEPLOYMENT_TARGET = 11.0;
				MTL_ENABLE_DEBUG_INFO = YES;
				ONLY_ACTIVE_ARCH = YES;
				SDKROOT = iphoneos;
				SWIFT_ACTIVE_COMPILATION_CONDITIONS = DEBUG;
				SWIFT_OPTIMIZATION_LEVEL = "-Onone";
			};
			name = Debug;
		};
		911D2789212770F90036F141 /* Release */ = {
			isa = XCBuildConfiguration;
			buildSettings = {
				ALWAYS_SEARCH_USER_PATHS = NO;
				CLANG_ANALYZER_NONNULL = YES;
				CLANG_ANALYZER_NUMBER_OBJECT_CONVERSION = YES_AGGRESSIVE;
				CLANG_CXX_LANGUAGE_STANDARD = "gnu++14";
				CLANG_CXX_LIBRARY = "libc++";
				CLANG_ENABLE_MODULES = YES;
				CLANG_ENABLE_OBJC_ARC = YES;
				CLANG_WARN_BLOCK_CAPTURE_AUTORELEASING = YES;
				CLANG_WARN_BOOL_CONVERSION = YES;
				CLANG_WARN_COMMA = YES;
				CLANG_WARN_CONSTANT_CONVERSION = YES;
				CLANG_WARN_DIRECT_OBJC_ISA_USAGE = YES_ERROR;
				CLANG_WARN_DOCUMENTATION_COMMENTS = YES;
				CLANG_WARN_EMPTY_BODY = YES;
				CLANG_WARN_ENUM_CONVERSION = YES;
				CLANG_WARN_INFINITE_RECURSION = YES;
				CLANG_WARN_INT_CONVERSION = YES;
				CLANG_WARN_NON_LITERAL_NULL_CONVERSION = YES;
				CLANG_WARN_OBJC_LITERAL_CONVERSION = YES;
				CLANG_WARN_OBJC_ROOT_CLASS = YES_ERROR;
				CLANG_WARN_RANGE_LOOP_ANALYSIS = YES;
				CLANG_WARN_STRICT_PROTOTYPES = YES;
				CLANG_WARN_SUSPICIOUS_MOVE = YES;
				CLANG_WARN_UNGUARDED_AVAILABILITY = YES_AGGRESSIVE;
				CLANG_WARN_UNREACHABLE_CODE = YES;
				CLANG_WARN__DUPLICATE_METHOD_MATCH = YES;
				CODE_SIGN_IDENTITY = "iPhone Developer";
				COPY_PHASE_STRIP = NO;
				DEBUG_INFORMATION_FORMAT = "dwarf-with-dsym";
				ENABLE_NS_ASSERTIONS = NO;
				ENABLE_STRICT_OBJC_MSGSEND = YES;
				GCC_C_LANGUAGE_STANDARD = gnu11;
				GCC_NO_COMMON_BLOCKS = YES;
				GCC_WARN_64_TO_32_BIT_CONVERSION = YES;
				GCC_WARN_ABOUT_RETURN_TYPE = YES_ERROR;
				GCC_WARN_UNDECLARED_SELECTOR = YES;
				GCC_WARN_UNINITIALIZED_AUTOS = YES_AGGRESSIVE;
				GCC_WARN_UNUSED_FUNCTION = YES;
				GCC_WARN_UNUSED_VARIABLE = YES;
				IPHONEOS_DEPLOYMENT_TARGET = 11.0;
				MTL_ENABLE_DEBUG_INFO = NO;
				SDKROOT = iphoneos;
				SWIFT_OPTIMIZATION_LEVEL = "-Owholemodule";
				VALIDATE_PRODUCT = YES;
			};
			name = Release;
		};
		911D278B212770F90036F141 /* Debug */ = {
			isa = XCBuildConfiguration;
			baseConfigurationReference = 9FF0B6331AC072E565FC4F69 /* Pods-RealmGoalTracker.debug.xcconfig */;
			buildSettings = {
				ASSETCATALOG_COMPILER_APPICON_NAME = AppIcon;
				CODE_SIGN_STYLE = Automatic;
				DEVELOPMENT_TEAM = H8BQMV59BX;
				INFOPLIST_FILE = RealmGoalTracker/Info.plist;
				LD_RUNPATH_SEARCH_PATHS = "$(inherited) @executable_path/Frameworks";
				PRODUCT_BUNDLE_IDENTIFIER = com.JoeA.RealmGoalTracker;
				PRODUCT_NAME = "$(TARGET_NAME)";
				SWIFT_VERSION = 4.0;
				TARGETED_DEVICE_FAMILY = "1,2";
			};
			name = Debug;
		};
		911D278C212770F90036F141 /* Release */ = {
			isa = XCBuildConfiguration;
			baseConfigurationReference = 7E8B62183E8C34B9183DCDB5 /* Pods-RealmGoalTracker.release.xcconfig */;
			buildSettings = {
				ASSETCATALOG_COMPILER_APPICON_NAME = AppIcon;
				CODE_SIGN_STYLE = Automatic;
				DEVELOPMENT_TEAM = H8BQMV59BX;
				INFOPLIST_FILE = RealmGoalTracker/Info.plist;
				LD_RUNPATH_SEARCH_PATHS = "$(inherited) @executable_path/Frameworks";
				PRODUCT_BUNDLE_IDENTIFIER = com.JoeA.RealmGoalTracker;
				PRODUCT_NAME = "$(TARGET_NAME)";
				SWIFT_VERSION = 4.0;
				TARGETED_DEVICE_FAMILY = "1,2";
			};
			name = Release;
		};
/* End XCBuildConfiguration section */

/* Begin XCConfigurationList section */
		911D2771212770F90036F141 /* Build configuration list for PBXProject "RealmGoalTracker" */ = {
			isa = XCConfigurationList;
			buildConfigurations = (
				911D2788212770F90036F141 /* Debug */,
				911D2789212770F90036F141 /* Release */,
			);
			defaultConfigurationIsVisible = 0;
			defaultConfigurationName = Release;
		};
		911D278A212770F90036F141 /* Build configuration list for PBXNativeTarget "RealmGoalTracker" */ = {
			isa = XCConfigurationList;
			buildConfigurations = (
				911D278B212770F90036F141 /* Debug */,
				911D278C212770F90036F141 /* Release */,
			);
			defaultConfigurationIsVisible = 0;
			defaultConfigurationName = Release;
		};
/* End XCConfigurationList section */
	};
	rootObject = 911D276E212770F90036F141 /* Project object */;
}
